// !$*UTF8*$!
{
	archiveVersion = 1;
	classes = {
	};
	objectVersion = 55;
	objects = {

/* Begin PBXBuildFile section */
		E11615A928A1F24C0065AB8F /* AppDelegate.swift in Sources */ = {isa = PBXBuildFile; fileRef = E11615A828A1F24C0065AB8F /* AppDelegate.swift */; };
		E11615AB28A1F24C0065AB8F /* SceneDelegate.swift in Sources */ = {isa = PBXBuildFile; fileRef = E11615AA28A1F24C0065AB8F /* SceneDelegate.swift */; };
		E11615AD28A1F24C0065AB8F /* SearchBookViewController.swift in Sources */ = {isa = PBXBuildFile; fileRef = E11615AC28A1F24C0065AB8F /* SearchBookViewController.swift */; };
		E11615B228A1F24F0065AB8F /* Assets.xcassets in Resources */ = {isa = PBXBuildFile; fileRef = E11615B128A1F24F0065AB8F /* Assets.xcassets */; };
		E11615B528A1F24F0065AB8F /* LaunchScreen.storyboard in Resources */ = {isa = PBXBuildFile; fileRef = E11615B328A1F24F0065AB8F /* LaunchScreen.storyboard */; };
		E11615C028A1F24F0065AB8F /* BookFinderViewModelTests.swift in Sources */ = {isa = PBXBuildFile; fileRef = E11615BF28A1F24F0065AB8F /* BookFinderViewModelTests.swift */; };
		E13F84F228A1F6F3007272E9 /* SnapKit in Frameworks */ = {isa = PBXBuildFile; productRef = E13F84F128A1F6F3007272E9 /* SnapKit */; };
		E13F84F528A21119007272E9 /* BookListResults.swift in Sources */ = {isa = PBXBuildFile; fileRef = E13F84F428A21119007272E9 /* BookListResults.swift */; };
		E13F84F828A23A4C007272E9 /* EndPointType.swift in Sources */ = {isa = PBXBuildFile; fileRef = E13F84F728A23A4C007272E9 /* EndPointType.swift */; };
		E13F84FA28A23A64007272E9 /* BookListEndPoint.swift in Sources */ = {isa = PBXBuildFile; fileRef = E13F84F928A23A64007272E9 /* BookListEndPoint.swift */; };
		E13F84FD28A23D30007272E9 /* BookListInfo.plist in Resources */ = {isa = PBXBuildFile; fileRef = E13F84FC28A23D30007272E9 /* BookListInfo.plist */; };
		E13F850028A23D63007272E9 /* Bundle + extension.swift in Sources */ = {isa = PBXBuildFile; fileRef = E13F84FF28A23D63007272E9 /* Bundle + extension.swift */; };
		E13F850328A24029007272E9 /* NetworkRequester.swift in Sources */ = {isa = PBXBuildFile; fileRef = E13F850228A24029007272E9 /* NetworkRequester.swift */; };
		E13F850628A2428B007272E9 /* BookListAPIProvider.swift in Sources */ = {isa = PBXBuildFile; fileRef = E13F850528A2428B007272E9 /* BookListAPIProvider.swift */; };
		E13F850D28A269AB007272E9 /* SearchBookCollectionViewCell.swift in Sources */ = {isa = PBXBuildFile; fileRef = E13F850C28A269AB007272E9 /* SearchBookCollectionViewCell.swift */; };
		E13F850F28A2AA62007272E9 /* BookImageAPIProvider.swift in Sources */ = {isa = PBXBuildFile; fileRef = E13F850E28A2AA61007272E9 /* BookImageAPIProvider.swift */; };
		E13F851228A39B74007272E9 /* BookDetailViewController.swift in Sources */ = {isa = PBXBuildFile; fileRef = E13F851128A39B74007272E9 /* BookDetailViewController.swift */; };
		E13F851428A3D85B007272E9 /* SearchBookViewModel.swift in Sources */ = {isa = PBXBuildFile; fileRef = E13F851328A3D85B007272E9 /* SearchBookViewModel.swift */; };
		E13F851628A3E471007272E9 /* Observable.swift in Sources */ = {isa = PBXBuildFile; fileRef = E13F851528A3E471007272E9 /* Observable.swift */; };
		E1A02F3A28A4F0A3005FEED2 /* BookList.swift in Sources */ = {isa = PBXBuildFile; fileRef = E1A02F3928A4F0A3005FEED2 /* BookList.swift */; };
		E1A02F3C28A4F0B5005FEED2 /* BookInfo.swift in Sources */ = {isa = PBXBuildFile; fileRef = E1A02F3B28A4F0B5005FEED2 /* BookInfo.swift */; };
		E1A02F3E28A4F0CF005FEED2 /* BookImage.swift in Sources */ = {isa = PBXBuildFile; fileRef = E1A02F3D28A4F0CF005FEED2 /* BookImage.swift */; };
		E1A02F4028A51E56005FEED2 /* BookFinderURLSessionTests.swift in Sources */ = {isa = PBXBuildFile; fileRef = E1A02F3F28A51E56005FEED2 /* BookFinderURLSessionTests.swift */; };
		E1D37D0228C3A1C200874DBB /* Array + extension.swift in Sources */ = {isa = PBXBuildFile; fileRef = E1D37D0128C3A1C200874DBB /* Array + extension.swift */; };
/* End PBXBuildFile section */

/* Begin PBXContainerItemProxy section */
		E11615BC28A1F24F0065AB8F /* PBXContainerItemProxy */ = {
			isa = PBXContainerItemProxy;
			containerPortal = E116159D28A1F24C0065AB8F /* Project object */;
			proxyType = 1;
			remoteGlobalIDString = E11615A428A1F24C0065AB8F;
			remoteInfo = BookFinder;
		};
/* End PBXContainerItemProxy section */

/* Begin PBXFileReference section */
		E11615A528A1F24C0065AB8F /* BookFinder.app */ = {isa = PBXFileReference; explicitFileType = wrapper.application; includeInIndex = 0; path = BookFinder.app; sourceTree = BUILT_PRODUCTS_DIR; };
		E11615A828A1F24C0065AB8F /* AppDelegate.swift */ = {isa = PBXFileReference; lastKnownFileType = sourcecode.swift; path = AppDelegate.swift; sourceTree = "<group>"; };
		E11615AA28A1F24C0065AB8F /* SceneDelegate.swift */ = {isa = PBXFileReference; lastKnownFileType = sourcecode.swift; path = SceneDelegate.swift; sourceTree = "<group>"; };
		E11615AC28A1F24C0065AB8F /* SearchBookViewController.swift */ = {isa = PBXFileReference; lastKnownFileType = sourcecode.swift; path = SearchBookViewController.swift; sourceTree = "<group>"; };
		E11615B128A1F24F0065AB8F /* Assets.xcassets */ = {isa = PBXFileReference; lastKnownFileType = folder.assetcatalog; path = Assets.xcassets; sourceTree = "<group>"; };
		E11615B428A1F24F0065AB8F /* Base */ = {isa = PBXFileReference; lastKnownFileType = file.storyboard; name = Base; path = Base.lproj/LaunchScreen.storyboard; sourceTree = "<group>"; };
		E11615B628A1F24F0065AB8F /* Info.plist */ = {isa = PBXFileReference; lastKnownFileType = text.plist.xml; path = Info.plist; sourceTree = "<group>"; };
		E11615BB28A1F24F0065AB8F /* BookFinderTests.xctest */ = {isa = PBXFileReference; explicitFileType = wrapper.cfbundle; includeInIndex = 0; path = BookFinderTests.xctest; sourceTree = BUILT_PRODUCTS_DIR; };
		E11615BF28A1F24F0065AB8F /* BookFinderViewModelTests.swift */ = {isa = PBXFileReference; lastKnownFileType = sourcecode.swift; path = BookFinderViewModelTests.swift; sourceTree = "<group>"; };
		E13F84F428A21119007272E9 /* BookListResults.swift */ = {isa = PBXFileReference; lastKnownFileType = sourcecode.swift; path = BookListResults.swift; sourceTree = "<group>"; };
		E13F84F728A23A4C007272E9 /* EndPointType.swift */ = {isa = PBXFileReference; lastKnownFileType = sourcecode.swift; path = EndPointType.swift; sourceTree = "<group>"; };
		E13F84F928A23A64007272E9 /* BookListEndPoint.swift */ = {isa = PBXFileReference; lastKnownFileType = sourcecode.swift; path = BookListEndPoint.swift; sourceTree = "<group>"; };
		E13F84FC28A23D30007272E9 /* BookListInfo.plist */ = {isa = PBXFileReference; lastKnownFileType = text.plist.xml; path = BookListInfo.plist; sourceTree = "<group>"; };
		E13F84FF28A23D63007272E9 /* Bundle + extension.swift */ = {isa = PBXFileReference; lastKnownFileType = sourcecode.swift; path = "Bundle + extension.swift"; sourceTree = "<group>"; };
		E13F850228A24029007272E9 /* NetworkRequester.swift */ = {isa = PBXFileReference; lastKnownFileType = sourcecode.swift; path = NetworkRequester.swift; sourceTree = "<group>"; };
		E13F850528A2428B007272E9 /* BookListAPIProvider.swift */ = {isa = PBXFileReference; lastKnownFileType = sourcecode.swift; path = BookListAPIProvider.swift; sourceTree = "<group>"; };
		E13F850C28A269AB007272E9 /* SearchBookCollectionViewCell.swift */ = {isa = PBXFileReference; lastKnownFileType = sourcecode.swift; path = SearchBookCollectionViewCell.swift; sourceTree = "<group>"; };
		E13F850E28A2AA61007272E9 /* BookImageAPIProvider.swift */ = {isa = PBXFileReference; lastKnownFileType = sourcecode.swift; path = BookImageAPIProvider.swift; sourceTree = "<group>"; };
		E13F851128A39B74007272E9 /* BookDetailViewController.swift */ = {isa = PBXFileReference; lastKnownFileType = sourcecode.swift; path = BookDetailViewController.swift; sourceTree = "<group>"; };
		E13F851328A3D85B007272E9 /* SearchBookViewModel.swift */ = {isa = PBXFileReference; lastKnownFileType = sourcecode.swift; path = SearchBookViewModel.swift; sourceTree = "<group>"; };
		E13F851528A3E471007272E9 /* Observable.swift */ = {isa = PBXFileReference; lastKnownFileType = sourcecode.swift; path = Observable.swift; sourceTree = "<group>"; };
		E1A02F3928A4F0A3005FEED2 /* BookList.swift */ = {isa = PBXFileReference; lastKnownFileType = sourcecode.swift; path = BookList.swift; sourceTree = "<group>"; };
		E1A02F3B28A4F0B5005FEED2 /* BookInfo.swift */ = {isa = PBXFileReference; lastKnownFileType = sourcecode.swift; path = BookInfo.swift; sourceTree = "<group>"; };
		E1A02F3D28A4F0CF005FEED2 /* BookImage.swift */ = {isa = PBXFileReference; lastKnownFileType = sourcecode.swift; path = BookImage.swift; sourceTree = "<group>"; };
		E1A02F3F28A51E56005FEED2 /* BookFinderURLSessionTests.swift */ = {isa = PBXFileReference; lastKnownFileType = sourcecode.swift; path = BookFinderURLSessionTests.swift; sourceTree = "<group>"; };
		E1D37D0128C3A1C200874DBB /* Array + extension.swift */ = {isa = PBXFileReference; lastKnownFileType = sourcecode.swift; path = "Array + extension.swift"; sourceTree = "<group>"; };
/* End PBXFileReference section */

/* Begin PBXFrameworksBuildPhase section */
		E11615A228A1F24C0065AB8F /* Frameworks */ = {
			isa = PBXFrameworksBuildPhase;
			buildActionMask = 2147483647;
			files = (
				E13F84F228A1F6F3007272E9 /* SnapKit in Frameworks */,
			);
			runOnlyForDeploymentPostprocessing = 0;
		};
		E11615B828A1F24F0065AB8F /* Frameworks */ = {
			isa = PBXFrameworksBuildPhase;
			buildActionMask = 2147483647;
			files = (
			);
			runOnlyForDeploymentPostprocessing = 0;
		};
/* End PBXFrameworksBuildPhase section */

/* Begin PBXGroup section */
		E116159C28A1F24C0065AB8F = {
			isa = PBXGroup;
			children = (
				E11615A728A1F24C0065AB8F /* BookFinder */,
				E11615BE28A1F24F0065AB8F /* BookFinderTests */,
				E11615A628A1F24C0065AB8F /* Products */,
			);
			sourceTree = "<group>";
		};
		E11615A628A1F24C0065AB8F /* Products */ = {
			isa = PBXGroup;
			children = (
				E11615A528A1F24C0065AB8F /* BookFinder.app */,
				E11615BB28A1F24F0065AB8F /* BookFinderTests.xctest */,
			);
			name = Products;
			sourceTree = "<group>";
		};
		E11615A728A1F24C0065AB8F /* BookFinder */ = {
			isa = PBXGroup;
			children = (
				E11615D928A1F29D0065AB8F /* Resource */,
				E11615D828A1F2900065AB8F /* Application */,
				E13F851028A39B42007272E9 /* Cells */,
				E13F850728A25592007272E9 /* ViewModels */,
				E13F84F328A210FC007272E9 /* Models */,
				E13F850B28A2564F007272E9 /* Controllers */,
				E13F84FE28A23D55007272E9 /* Utils */,
				E13F84F628A23A3F007272E9 /* Network */,
			);
			path = BookFinder;
			sourceTree = "<group>";
		};
		E11615BE28A1F24F0065AB8F /* BookFinderTests */ = {
			isa = PBXGroup;
			children = (
				E11615BF28A1F24F0065AB8F /* BookFinderViewModelTests.swift */,
				E1A02F3F28A51E56005FEED2 /* BookFinderURLSessionTests.swift */,
			);
			path = BookFinderTests;
			sourceTree = "<group>";
		};
		E11615D828A1F2900065AB8F /* Application */ = {
			isa = PBXGroup;
			children = (
				E11615A828A1F24C0065AB8F /* AppDelegate.swift */,
				E11615AA28A1F24C0065AB8F /* SceneDelegate.swift */,
			);
			path = Application;
			sourceTree = "<group>";
		};
		E11615D928A1F29D0065AB8F /* Resource */ = {
			isa = PBXGroup;
			children = (
				E11615B128A1F24F0065AB8F /* Assets.xcassets */,
				E11615B328A1F24F0065AB8F /* LaunchScreen.storyboard */,
				E11615B628A1F24F0065AB8F /* Info.plist */,
				E13F84FC28A23D30007272E9 /* BookListInfo.plist */,
			);
			path = Resource;
			sourceTree = "<group>";
		};
		E13F84F328A210FC007272E9 /* Models */ = {
			isa = PBXGroup;
			children = (
				E13F84F428A21119007272E9 /* BookListResults.swift */,
				E1A02F3928A4F0A3005FEED2 /* BookList.swift */,
				E1A02F3B28A4F0B5005FEED2 /* BookInfo.swift */,
				E1A02F3D28A4F0CF005FEED2 /* BookImage.swift */,
			);
			path = Models;
			sourceTree = "<group>";
		};
		E13F84F628A23A3F007272E9 /* Network */ = {
			isa = PBXGroup;
			children = (
				E13F850428A2426B007272E9 /* APIProvider */,
				E13F850128A2400E007272E9 /* NetworkReqeuster */,
				E13F84FB28A23A8B007272E9 /* EndPoint */,
			);
			path = Network;
			sourceTree = "<group>";
		};
		E13F84FB28A23A8B007272E9 /* EndPoint */ = {
			isa = PBXGroup;
			children = (
				E13F84F728A23A4C007272E9 /* EndPointType.swift */,
				E13F84F928A23A64007272E9 /* BookListEndPoint.swift */,
			);
			path = EndPoint;
			sourceTree = "<group>";
		};
		E13F84FE28A23D55007272E9 /* Utils */ = {
			isa = PBXGroup;
			children = (
				E13F84FF28A23D63007272E9 /* Bundle + extension.swift */,
				E13F851528A3E471007272E9 /* Observable.swift */,
				E1D37D0128C3A1C200874DBB /* Array + extension.swift */,
			);
			path = Utils;
			sourceTree = "<group>";
		};
		E13F850128A2400E007272E9 /* NetworkReqeuster */ = {
			isa = PBXGroup;
			children = (
				E13F850228A24029007272E9 /* NetworkRequester.swift */,
			);
			path = NetworkReqeuster;
			sourceTree = "<group>";
		};
		E13F850428A2426B007272E9 /* APIProvider */ = {
			isa = PBXGroup;
			children = (
				E13F850528A2428B007272E9 /* BookListAPIProvider.swift */,
				E13F850E28A2AA61007272E9 /* BookImageAPIProvider.swift */,
			);
			path = APIProvider;
			sourceTree = "<group>";
		};
		E13F850728A25592007272E9 /* ViewModels */ = {
			isa = PBXGroup;
			children = (
				E13F851328A3D85B007272E9 /* SearchBookViewModel.swift */,
			);
			path = ViewModels;
			sourceTree = "<group>";
		};
		E13F850B28A2564F007272E9 /* Controllers */ = {
			isa = PBXGroup;
			children = (
				E11615AC28A1F24C0065AB8F /* SearchBookViewController.swift */,
				E13F851128A39B74007272E9 /* BookDetailViewController.swift */,
			);
			path = Controllers;
			sourceTree = "<group>";
		};
		E13F851028A39B42007272E9 /* Cells */ = {
			isa = PBXGroup;
			children = (
				E13F850C28A269AB007272E9 /* SearchBookCollectionViewCell.swift */,
			);
			path = Cells;
			sourceTree = "<group>";
		};
/* End PBXGroup section */

/* Begin PBXNativeTarget section */
		E11615A428A1F24C0065AB8F /* BookFinder */ = {
			isa = PBXNativeTarget;
			buildConfigurationList = E11615CF28A1F24F0065AB8F /* Build configuration list for PBXNativeTarget "BookFinder" */;
			buildPhases = (
				E11615A128A1F24C0065AB8F /* Sources */,
				E11615A228A1F24C0065AB8F /* Frameworks */,
				E11615A328A1F24C0065AB8F /* Resources */,
			);
			buildRules = (
			);
			dependencies = (
			);
			name = BookFinder;
			packageProductDependencies = (
				E13F84F128A1F6F3007272E9 /* SnapKit */,
			);
			productName = BookFinder;
			productReference = E11615A528A1F24C0065AB8F /* BookFinder.app */;
			productType = "com.apple.product-type.application";
		};
		E11615BA28A1F24F0065AB8F /* BookFinderTests */ = {
			isa = PBXNativeTarget;
			buildConfigurationList = E11615D228A1F24F0065AB8F /* Build configuration list for PBXNativeTarget "BookFinderTests" */;
			buildPhases = (
				E11615B728A1F24F0065AB8F /* Sources */,
				E11615B828A1F24F0065AB8F /* Frameworks */,
				E11615B928A1F24F0065AB8F /* Resources */,
			);
			buildRules = (
			);
			dependencies = (
				E11615BD28A1F24F0065AB8F /* PBXTargetDependency */,
			);
			name = BookFinderTests;
			productName = BookFinderTests;
			productReference = E11615BB28A1F24F0065AB8F /* BookFinderTests.xctest */;
			productType = "com.apple.product-type.bundle.unit-test";
		};
/* End PBXNativeTarget section */

/* Begin PBXProject section */
		E116159D28A1F24C0065AB8F /* Project object */ = {
			isa = PBXProject;
			attributes = {
				BuildIndependentTargetsInParallel = 1;
				LastSwiftUpdateCheck = 1340;
				LastUpgradeCheck = 1340;
				TargetAttributes = {
					E11615A428A1F24C0065AB8F = {
						CreatedOnToolsVersion = 13.4;
					};
					E11615BA28A1F24F0065AB8F = {
						CreatedOnToolsVersion = 13.4;
						TestTargetID = E11615A428A1F24C0065AB8F;
					};
				};
			};
			buildConfigurationList = E11615A028A1F24C0065AB8F /* Build configuration list for PBXProject "BookFinder" */;
			compatibilityVersion = "Xcode 13.0";
			developmentRegion = en;
			hasScannedForEncodings = 0;
			knownRegions = (
				en,
				Base,
			);
			mainGroup = E116159C28A1F24C0065AB8F;
			packageReferences = (
				E13F84F028A1F6F3007272E9 /* XCRemoteSwiftPackageReference "SnapKit" */,
			);
			productRefGroup = E11615A628A1F24C0065AB8F /* Products */;
			projectDirPath = "";
			projectRoot = "";
			targets = (
				E11615A428A1F24C0065AB8F /* BookFinder */,
				E11615BA28A1F24F0065AB8F /* BookFinderTests */,
			);
		};
/* End PBXProject section */

/* Begin PBXResourcesBuildPhase section */
		E11615A328A1F24C0065AB8F /* Resources */ = {
			isa = PBXResourcesBuildPhase;
			buildActionMask = 2147483647;
			files = (
				E11615B528A1F24F0065AB8F /* LaunchScreen.storyboard in Resources */,
				E11615B228A1F24F0065AB8F /* Assets.xcassets in Resources */,
				E13F84FD28A23D30007272E9 /* BookListInfo.plist in Resources */,
			);
			runOnlyForDeploymentPostprocessing = 0;
		};
		E11615B928A1F24F0065AB8F /* Resources */ = {
			isa = PBXResourcesBuildPhase;
			buildActionMask = 2147483647;
			files = (
			);
			runOnlyForDeploymentPostprocessing = 0;
		};
/* End PBXResourcesBuildPhase section */

/* Begin PBXSourcesBuildPhase section */
		E11615A128A1F24C0065AB8F /* Sources */ = {
			isa = PBXSourcesBuildPhase;
			buildActionMask = 2147483647;
			files = (
				E1A02F3C28A4F0B5005FEED2 /* BookInfo.swift in Sources */,
				E13F84F528A21119007272E9 /* BookListResults.swift in Sources */,
				E13F851628A3E471007272E9 /* Observable.swift in Sources */,
				E13F850D28A269AB007272E9 /* SearchBookCollectionViewCell.swift in Sources */,
				E13F851228A39B74007272E9 /* BookDetailViewController.swift in Sources */,
				E11615AD28A1F24C0065AB8F /* SearchBookViewController.swift in Sources */,
				E1A02F3E28A4F0CF005FEED2 /* BookImage.swift in Sources */,
				E13F84F828A23A4C007272E9 /* EndPointType.swift in Sources */,
				E13F850328A24029007272E9 /* NetworkRequester.swift in Sources */,
				E13F851428A3D85B007272E9 /* SearchBookViewModel.swift in Sources */,
				E13F84FA28A23A64007272E9 /* BookListEndPoint.swift in Sources */,
				E13F850F28A2AA62007272E9 /* BookImageAPIProvider.swift in Sources */,
				E11615A928A1F24C0065AB8F /* AppDelegate.swift in Sources */,
				E11615AB28A1F24C0065AB8F /* SceneDelegate.swift in Sources */,
				E1A02F3A28A4F0A3005FEED2 /* BookList.swift in Sources */,
				E1D37D0228C3A1C200874DBB /* Array + extension.swift in Sources */,
				E13F850628A2428B007272E9 /* BookListAPIProvider.swift in Sources */,
				E13F850028A23D63007272E9 /* Bundle + extension.swift in Sources */,
			);
			runOnlyForDeploymentPostprocessing = 0;
		};
		E11615B728A1F24F0065AB8F /* Sources */ = {
			isa = PBXSourcesBuildPhase;
			buildActionMask = 2147483647;
			files = (
				E11615C028A1F24F0065AB8F /* BookFinderViewModelTests.swift in Sources */,
				E1A02F4028A51E56005FEED2 /* BookFinderURLSessionTests.swift in Sources */,
			);
			runOnlyForDeploymentPostprocessing = 0;
		};
/* End PBXSourcesBuildPhase section */

/* Begin PBXTargetDependency section */
		E11615BD28A1F24F0065AB8F /* PBXTargetDependency */ = {
			isa = PBXTargetDependency;
			target = E11615A428A1F24C0065AB8F /* BookFinder */;
			targetProxy = E11615BC28A1F24F0065AB8F /* PBXContainerItemProxy */;
		};
/* End PBXTargetDependency section */

/* Begin PBXVariantGroup section */
		E11615B328A1F24F0065AB8F /* LaunchScreen.storyboard */ = {
			isa = PBXVariantGroup;
			children = (
				E11615B428A1F24F0065AB8F /* Base */,
			);
			name = LaunchScreen.storyboard;
			sourceTree = "<group>";
		};
/* End PBXVariantGroup section */

/* Begin XCBuildConfiguration section */
		E11615CD28A1F24F0065AB8F /* Debug */ = {
			isa = XCBuildConfiguration;
			buildSettings = {
				ALWAYS_SEARCH_USER_PATHS = NO;
				CLANG_ANALYZER_NONNULL = YES;
				CLANG_ANALYZER_NUMBER_OBJECT_CONVERSION = YES_AGGRESSIVE;
				CLANG_CXX_LANGUAGE_STANDARD = "gnu++17";
				CLANG_ENABLE_MODULES = YES;
				CLANG_ENABLE_OBJC_ARC = YES;
				CLANG_ENABLE_OBJC_WEAK = YES;
				CLANG_WARN_BLOCK_CAPTURE_AUTORELEASING = YES;
				CLANG_WARN_BOOL_CONVERSION = YES;
				CLANG_WARN_COMMA = YES;
				CLANG_WARN_CONSTANT_CONVERSION = YES;
				CLANG_WARN_DEPRECATED_OBJC_IMPLEMENTATIONS = YES;
				CLANG_WARN_DIRECT_OBJC_ISA_USAGE = YES_ERROR;
				CLANG_WARN_DOCUMENTATION_COMMENTS = YES;
				CLANG_WARN_EMPTY_BODY = YES;
				CLANG_WARN_ENUM_CONVERSION = YES;
				CLANG_WARN_INFINITE_RECURSION = YES;
				CLANG_WARN_INT_CONVERSION = YES;
				CLANG_WARN_NON_LITERAL_NULL_CONVERSION = YES;
				CLANG_WARN_OBJC_IMPLICIT_RETAIN_SELF = YES;
				CLANG_WARN_OBJC_LITERAL_CONVERSION = YES;
				CLANG_WARN_OBJC_ROOT_CLASS = YES_ERROR;
				CLANG_WARN_QUOTED_INCLUDE_IN_FRAMEWORK_HEADER = YES;
				CLANG_WARN_RANGE_LOOP_ANALYSIS = YES;
				CLANG_WARN_STRICT_PROTOTYPES = YES;
				CLANG_WARN_SUSPICIOUS_MOVE = YES;
				CLANG_WARN_UNGUARDED_AVAILABILITY = YES_AGGRESSIVE;
				CLANG_WARN_UNREACHABLE_CODE = YES;
				CLANG_WARN__DUPLICATE_METHOD_MATCH = YES;
				COPY_PHASE_STRIP = NO;
				DEBUG_INFORMATION_FORMAT = dwarf;
				ENABLE_STRICT_OBJC_MSGSEND = YES;
				ENABLE_TESTABILITY = YES;
				GCC_C_LANGUAGE_STANDARD = gnu11;
				GCC_DYNAMIC_NO_PIC = NO;
				GCC_NO_COMMON_BLOCKS = YES;
				GCC_OPTIMIZATION_LEVEL = 0;
				GCC_PREPROCESSOR_DEFINITIONS = (
					"DEBUG=1",
					"$(inherited)",
				);
				GCC_WARN_64_TO_32_BIT_CONVERSION = YES;
				GCC_WARN_ABOUT_RETURN_TYPE = YES_ERROR;
				GCC_WARN_UNDECLARED_SELECTOR = YES;
				GCC_WARN_UNINITIALIZED_AUTOS = YES_AGGRESSIVE;
				GCC_WARN_UNUSED_FUNCTION = YES;
				GCC_WARN_UNUSED_VARIABLE = YES;
				IPHONEOS_DEPLOYMENT_TARGET = 14.1;
				MTL_ENABLE_DEBUG_INFO = INCLUDE_SOURCE;
				MTL_FAST_MATH = YES;
				ONLY_ACTIVE_ARCH = YES;
				SDKROOT = iphoneos;
				SWIFT_ACTIVE_COMPILATION_CONDITIONS = DEBUG;
				SWIFT_OPTIMIZATION_LEVEL = "-Onone";
			};
			name = Debug;
		};
		E11615CE28A1F24F0065AB8F /* Release */ = {
			isa = XCBuildConfiguration;
			buildSettings = {
				ALWAYS_SEARCH_USER_PATHS = NO;
				CLANG_ANALYZER_NONNULL = YES;
				CLANG_ANALYZER_NUMBER_OBJECT_CONVERSION = YES_AGGRESSIVE;
				CLANG_CXX_LANGUAGE_STANDARD = "gnu++17";
				CLANG_ENABLE_MODULES = YES;
				CLANG_ENABLE_OBJC_ARC = YES;
				CLANG_ENABLE_OBJC_WEAK = YES;
				CLANG_WARN_BLOCK_CAPTURE_AUTORELEASING = YES;
				CLANG_WARN_BOOL_CONVERSION = YES;
				CLANG_WARN_COMMA = YES;
				CLANG_WARN_CONSTANT_CONVERSION = YES;
				CLANG_WARN_DEPRECATED_OBJC_IMPLEMENTATIONS = YES;
				CLANG_WARN_DIRECT_OBJC_ISA_USAGE = YES_ERROR;
				CLANG_WARN_DOCUMENTATION_COMMENTS = YES;
				CLANG_WARN_EMPTY_BODY = YES;
				CLANG_WARN_ENUM_CONVERSION = YES;
				CLANG_WARN_INFINITE_RECURSION = YES;
				CLANG_WARN_INT_CONVERSION = YES;
				CLANG_WARN_NON_LITERAL_NULL_CONVERSION = YES;
				CLANG_WARN_OBJC_IMPLICIT_RETAIN_SELF = YES;
				CLANG_WARN_OBJC_LITERAL_CONVERSION = YES;
				CLANG_WARN_OBJC_ROOT_CLASS = YES_ERROR;
				CLANG_WARN_QUOTED_INCLUDE_IN_FRAMEWORK_HEADER = YES;
				CLANG_WARN_RANGE_LOOP_ANALYSIS = YES;
				CLANG_WARN_STRICT_PROTOTYPES = YES;
				CLANG_WARN_SUSPICIOUS_MOVE = YES;
				CLANG_WARN_UNGUARDED_AVAILABILITY = YES_AGGRESSIVE;
				CLANG_WARN_UNREACHABLE_CODE = YES;
				CLANG_WARN__DUPLICATE_METHOD_MATCH = YES;
				COPY_PHASE_STRIP = NO;
				DEBUG_INFORMATION_FORMAT = "dwarf-with-dsym";
				ENABLE_NS_ASSERTIONS = NO;
				ENABLE_STRICT_OBJC_MSGSEND = YES;
				GCC_C_LANGUAGE_STANDARD = gnu11;
				GCC_NO_COMMON_BLOCKS = YES;
				GCC_WARN_64_TO_32_BIT_CONVERSION = YES;
				GCC_WARN_ABOUT_RETURN_TYPE = YES_ERROR;
				GCC_WARN_UNDECLARED_SELECTOR = YES;
				GCC_WARN_UNINITIALIZED_AUTOS = YES_AGGRESSIVE;
				GCC_WARN_UNUSED_FUNCTION = YES;
				GCC_WARN_UNUSED_VARIABLE = YES;
				IPHONEOS_DEPLOYMENT_TARGET = 14.1;
				MTL_ENABLE_DEBUG_INFO = NO;
				MTL_FAST_MATH = YES;
				SDKROOT = iphoneos;
				SWIFT_COMPILATION_MODE = wholemodule;
				SWIFT_OPTIMIZATION_LEVEL = "-O";
				VALIDATE_PRODUCT = YES;
			};
			name = Release;
		};
		E11615D028A1F24F0065AB8F /* Debug */ = {
			isa = XCBuildConfiguration;
			buildSettings = {
				ASSETCATALOG_COMPILER_GLOBAL_ACCENT_COLOR_NAME = AccentColor;
				CODE_SIGN_STYLE = Automatic;
				CURRENT_PROJECT_VERSION = 1;
				DEVELOPMENT_TEAM = R4G74AF442;
				GENERATE_INFOPLIST_FILE = YES;
				INFOPLIST_FILE = BookFinder/Resource/Info.plist;
				INFOPLIST_KEY_CFBundleDisplayName = BookFinder;
				INFOPLIST_KEY_UIApplicationSupportsIndirectInputEvents = YES;
				INFOPLIST_KEY_UILaunchStoryboardName = LaunchScreen;
				INFOPLIST_KEY_UISupportedInterfaceOrientations = UIInterfaceOrientationPortrait;
				INFOPLIST_KEY_UISupportedInterfaceOrientations_iPad = "UIInterfaceOrientationPortrait UIInterfaceOrientationPortraitUpsideDown UIInterfaceOrientationLandscapeLeft UIInterfaceOrientationLandscapeRight";
				INFOPLIST_KEY_UISupportedInterfaceOrientations_iPhone = "UIInterfaceOrientationPortrait UIInterfaceOrientationLandscapeLeft UIInterfaceOrientationLandscapeRight";
				IPHONEOS_DEPLOYMENT_TARGET = 13.0;
				LD_RUNPATH_SEARCH_PATHS = (
					"$(inherited)",
					"@executable_path/Frameworks",
				);
				MARKETING_VERSION = 1.0;
				PRODUCT_BUNDLE_IDENTIFIER = com.bhooncoding.Bookted;
				PRODUCT_NAME = "$(TARGET_NAME)";
				SWIFT_EMIT_LOC_STRINGS = YES;
				SWIFT_VERSION = 5.0;
				TARGETED_DEVICE_FAMILY = 1;
			};
			name = Debug;
		};
		E11615D128A1F24F0065AB8F /* Release */ = {
			isa = XCBuildConfiguration;
			buildSettings = {
				ASSETCATALOG_COMPILER_GLOBAL_ACCENT_COLOR_NAME = AccentColor;
				CODE_SIGN_STYLE = Automatic;
				CURRENT_PROJECT_VERSION = 1;
				DEVELOPMENT_TEAM = R4G74AF442;
				GENERATE_INFOPLIST_FILE = YES;
				INFOPLIST_FILE = BookFinder/Resource/Info.plist;
				INFOPLIST_KEY_CFBundleDisplayName = BookFinder;
				INFOPLIST_KEY_UIApplicationSupportsIndirectInputEvents = YES;
				INFOPLIST_KEY_UILaunchStoryboardName = LaunchScreen;
				INFOPLIST_KEY_UISupportedInterfaceOrientations = UIInterfaceOrientationPortrait;
				INFOPLIST_KEY_UISupportedInterfaceOrientations_iPad = "UIInterfaceOrientationPortrait UIInterfaceOrientationPortraitUpsideDown UIInterfaceOrientationLandscapeLeft UIInterfaceOrientationLandscapeRight";
				INFOPLIST_KEY_UISupportedInterfaceOrientations_iPhone = "UIInterfaceOrientationPortrait UIInterfaceOrientationLandscapeLeft UIInterfaceOrientationLandscapeRight";
				IPHONEOS_DEPLOYMENT_TARGET = 13.0;
				LD_RUNPATH_SEARCH_PATHS = (
					"$(inherited)",
					"@executable_path/Frameworks",
				);
				MARKETING_VERSION = 1.0;
				PRODUCT_BUNDLE_IDENTIFIER = com.bhooncoding.Bookted;
				PRODUCT_NAME = "$(TARGET_NAME)";
				SWIFT_EMIT_LOC_STRINGS = YES;
				SWIFT_VERSION = 5.0;
				TARGETED_DEVICE_FAMILY = 1;
			};
			name = Release;
		};
		E11615D328A1F24F0065AB8F /* Debug */ = {
			isa = XCBuildConfiguration;
			buildSettings = {
				ALWAYS_EMBED_SWIFT_STANDARD_LIBRARIES = YES;
				BUNDLE_LOADER = "$(TEST_HOST)";
				CODE_SIGN_STYLE = Automatic;
				CURRENT_PROJECT_VERSION = 1;
				DEVELOPMENT_TEAM = R4G74AF442;
				GENERATE_INFOPLIST_FILE = YES;
				IPHONEOS_DEPLOYMENT_TARGET = 15.5;
				MARKETING_VERSION = 1.0;
				PRODUCT_BUNDLE_IDENTIFIER = com.bhooncoding.BookFinderTests;
				PRODUCT_NAME = "$(TARGET_NAME)";
				SWIFT_EMIT_LOC_STRINGS = NO;
				SWIFT_VERSION = 5.0;
				TARGETED_DEVICE_FAMILY = "1,2";
				TEST_HOST = "$(BUILT_PRODUCTS_DIR)/BookFinder.app/BookFinder";
			};
			name = Debug;
		};
		E11615D428A1F24F0065AB8F /* Release */ = {
			isa = XCBuildConfiguration;
			buildSettings = {
				ALWAYS_EMBED_SWIFT_STANDARD_LIBRARIES = YES;
				BUNDLE_LOADER = "$(TEST_HOST)";
				CODE_SIGN_STYLE = Automatic;
				CURRENT_PROJECT_VERSION = 1;
				DEVELOPMENT_TEAM = R4G74AF442;
				GENERATE_INFOPLIST_FILE = YES;
				IPHONEOS_DEPLOYMENT_TARGET = 15.5;
				MARKETING_VERSION = 1.0;
				PRODUCT_BUNDLE_IDENTIFIER = com.bhooncoding.BookFinderTests;
				PRODUCT_NAME = "$(TARGET_NAME)";
				SWIFT_EMIT_LOC_STRINGS = NO;
				SWIFT_VERSION = 5.0;
				TARGETED_DEVICE_FAMILY = "1,2";
				TEST_HOST = "$(BUILT_PRODUCTS_DIR)/BookFinder.app/BookFinder";
			};
			name = Release;
		};
/* End XCBuildConfiguration section */

/* Begin XCConfigurationList section */
		E11615A028A1F24C0065AB8F /* Build configuration list for PBXProject "BookFinder" */ = {
			isa = XCConfigurationList;
			buildConfigurations = (
				E11615CD28A1F24F0065AB8F /* Debug */,
				E11615CE28A1F24F0065AB8F /* Release */,
			);
			defaultConfigurationIsVisible = 0;
			defaultConfigurationName = Release;
		};
		E11615CF28A1F24F0065AB8F /* Build configuration list for PBXNativeTarget "BookFinder" */ = {
			isa = XCConfigurationList;
			buildConfigurations = (
				E11615D028A1F24F0065AB8F /* Debug */,
				E11615D128A1F24F0065AB8F /* Release */,
			);
			defaultConfigurationIsVisible = 0;
			defaultConfigurationName = Release;
		};
		E11615D228A1F24F0065AB8F /* Build configuration list for PBXNativeTarget "BookFinderTests" */ = {
			isa = XCConfigurationList;
			buildConfigurations = (
				E11615D328A1F24F0065AB8F /* Debug */,
				E11615D428A1F24F0065AB8F /* Release */,
			);
			defaultConfigurationIsVisible = 0;
			defaultConfigurationName = Release;
		};
/* End XCConfigurationList section */

/* Begin XCRemoteSwiftPackageReference section */
		E13F84F028A1F6F3007272E9 /* XCRemoteSwiftPackageReference "SnapKit" */ = {
			isa = XCRemoteSwiftPackageReference;
			repositoryURL = "https://github.com/SnapKit/SnapKit";
			requirement = {
				branch = develop;
				kind = branch;
			};
		};
/* End XCRemoteSwiftPackageReference section */

/* Begin XCSwiftPackageProductDependency section */
		E13F84F128A1F6F3007272E9 /* SnapKit */ = {
			isa = XCSwiftPackageProductDependency;
			package = E13F84F028A1F6F3007272E9 /* XCRemoteSwiftPackageReference "SnapKit" */;
			productName = SnapKit;
		};
/* End XCSwiftPackageProductDependency section */
	};
	rootObject = E116159D28A1F24C0065AB8F /* Project object */;
}
